Microsoft Visual Studio Solution File, Format Version 12.00
# Visual Studio Version 17
VisualStudioVersion = 17.5.2.0
MinimumVisualStudioVersion = 10.0.40219.1
Project("{FAE04EC0-301F-11D3-BF4B-00C04F79EFBC}") = "backendPFPU", "backendPFPU.csproj", "{664AB160-3194-07D5-AECE-F37DDEFC1FD6}"
EndProject
Global
	GlobalSection(SolutionConfigurationPlatforms) = preSolution
		Debug|Any CPU = Debug|Any CPU
		Release|Any CPU = Release|Any CPU
	EndGlobalSection
	GlobalSection(ProjectConfigurationPlatforms) = postSolution
		{664AB160-3194-07D5-AECE-F37DDEFC1FD6}.Debug|Any CPU.ActiveCfg = Debug|Any CPU
		{664AB160-3194-07D5-AECE-F37DDEFC1FD6}.Debug|Any CPU.Build.0 = Debug|Any CPU
		{664AB160-3194-07D5-AECE-F37DDEFC1FD6}.Release|Any CPU.ActiveCfg = Release|Any CPU
		{664AB160-3194-07D5-AECE-F37DDEFC1FD6}.Release|Any CPU.Build.0 = Release|Any CPU
	EndGlobalSection
	GlobalSection(SolutionProperties) = preSolution
		HideSolutionNode = FALSE
	EndGlobalSection
	GlobalSection(ExtensibilityGlobals) = postSolution
		SolutionGuid = {DC604FA3-C5B5-402F-8815-A3F02343DA53}
	EndGlobalSection
EndGlobal
